// !$*UTF8*$!
{
	archiveVersion = 1;
	classes = {
	};
	objectVersion = 50;
	objects = {

/* Begin PBXBuildFile section */
		E4C874022302EDA000AA4952 /* AppDelegate.m in Sources */ = {isa = PBXBuildFile; fileRef = E4C874012302EDA000AA4952 /* AppDelegate.m */; };
		E4C874052302EDA000AA4952 /* ViewController.m in Sources */ = {isa = PBXBuildFile; fileRef = E4C874042302EDA000AA4952 /* ViewController.m */; };
		E4C8740A2302EDA200AA4952 /* Assets.xcassets in Resources */ = {isa = PBXBuildFile; fileRef = E4C874092302EDA200AA4952 /* Assets.xcassets */; };
		E4C874102302EDA200AA4952 /* main.m in Sources */ = {isa = PBXBuildFile; fileRef = E4C8740F2302EDA200AA4952 /* main.m */; };
		E4C8741A2302EDA200AA4952 /* BAOpenGLLearningTests.m in Sources */ = {isa = PBXBuildFile; fileRef = E4C874192302EDA200AA4952 /* BAOpenGLLearningTests.m */; };
		E4C874252302EDA200AA4952 /* BAOpenGLLearningUITests.m in Sources */ = {isa = PBXBuildFile; fileRef = E4C874242302EDA200AA4952 /* BAOpenGLLearningUITests.m */; };
		E4C874342302EE6A00AA4952 /* TestTriangleView.m in Sources */ = {isa = PBXBuildFile; fileRef = E4C874332302EE6A00AA4952 /* TestTriangleView.m */; };
/* End PBXBuildFile section */

/* Begin PBXContainerItemProxy section */
		E4C874162302EDA200AA4952 /* PBXContainerItemProxy */ = {
			isa = PBXContainerItemProxy;
			containerPortal = E4C873F52302EDA000AA4952 /* Project object */;
			proxyType = 1;
			remoteGlobalIDString = E4C873FC2302EDA000AA4952;
			remoteInfo = BAOpenGLLearning;
		};
		E4C874212302EDA200AA4952 /* PBXContainerItemProxy */ = {
			isa = PBXContainerItemProxy;
			containerPortal = E4C873F52302EDA000AA4952 /* Project object */;
			proxyType = 1;
			remoteGlobalIDString = E4C873FC2302EDA000AA4952;
			remoteInfo = BAOpenGLLearning;
		};
/* End PBXContainerItemProxy section */

/* Begin PBXFileReference section */
		E4C873FD2302EDA000AA4952 /* BAOpenGLLearning.app */ = {isa = PBXFileReference; explicitFileType = wrapper.application; includeInIndex = 0; path = BAOpenGLLearning.app; sourceTree = BUILT_PRODUCTS_DIR; };
		E4C874002302EDA000AA4952 /* AppDelegate.h */ = {isa = PBXFileReference; lastKnownFileType = sourcecode.c.h; path = AppDelegate.h; sourceTree = "<group>"; };
		E4C874012302EDA000AA4952 /* AppDelegate.m */ = {isa = PBXFileReference; lastKnownFileType = sourcecode.c.objc; path = AppDelegate.m; sourceTree = "<group>"; };
		E4C874032302EDA000AA4952 /* ViewController.h */ = {isa = PBXFileReference; lastKnownFileType = sourcecode.c.h; path = ViewController.h; sourceTree = "<group>"; };
		E4C874042302EDA000AA4952 /* ViewController.m */ = {isa = PBXFileReference; lastKnownFileType = sourcecode.c.objc; path = ViewController.m; sourceTree = "<group>"; };
		E4C874092302EDA200AA4952 /* Assets.xcassets */ = {isa = PBXFileReference; lastKnownFileType = folder.assetcatalog; path = Assets.xcassets; sourceTree = "<group>"; };
		E4C8740E2302EDA200AA4952 /* Info.plist */ = {isa = PBXFileReference; lastKnownFileType = text.plist.xml; path = Info.plist; sourceTree = "<group>"; };
		E4C8740F2302EDA200AA4952 /* main.m */ = {isa = PBXFileReference; lastKnownFileType = sourcecode.c.objc; path = main.m; sourceTree = "<group>"; };
		E4C874152302EDA200AA4952 /* BAOpenGLLearningTests.xctest */ = {isa = PBXFileReference; explicitFileType = wrapper.cfbundle; includeInIndex = 0; path = BAOpenGLLearningTests.xctest; sourceTree = BUILT_PRODUCTS_DIR; };
		E4C874192302EDA200AA4952 /* BAOpenGLLearningTests.m */ = {isa = PBXFileReference; lastKnownFileType = sourcecode.c.objc; path = BAOpenGLLearningTests.m; sourceTree = "<group>"; };
		E4C8741B2302EDA200AA4952 /* Info.plist */ = {isa = PBXFileReference; lastKnownFileType = text.plist.xml; path = Info.plist; sourceTree = "<group>"; };
		E4C874202302EDA200AA4952 /* BAOpenGLLearningUITests.xctest */ = {isa = PBXFileReference; explicitFileType = wrapper.cfbundle; includeInIndex = 0; path = BAOpenGLLearningUITests.xctest; sourceTree = BUILT_PRODUCTS_DIR; };
		E4C874242302EDA200AA4952 /* BAOpenGLLearningUITests.m */ = {isa = PBXFileReference; lastKnownFileType = sourcecode.c.objc; path = BAOpenGLLearningUITests.m; sourceTree = "<group>"; };
		E4C874262302EDA200AA4952 /* Info.plist */ = {isa = PBXFileReference; lastKnownFileType = text.plist.xml; path = Info.plist; sourceTree = "<group>"; };
		E4C874322302EE6A00AA4952 /* TestTriangleView.h */ = {isa = PBXFileReference; fileEncoding = 4; lastKnownFileType = sourcecode.c.h; path = TestTriangleView.h; sourceTree = "<group>"; };
		E4C874332302EE6A00AA4952 /* TestTriangleView.m */ = {isa = PBXFileReference; fileEncoding = 4; lastKnownFileType = sourcecode.c.objc; path = TestTriangleView.m; sourceTree = "<group>"; };
/* End PBXFileReference section */

/* Begin PBXFrameworksBuildPhase section */
		E4C873FA2302EDA000AA4952 /* Frameworks */ = {
			isa = PBXFrameworksBuildPhase;
			buildActionMask = 2147483647;
			files = (
			);
			runOnlyForDeploymentPostprocessing = 0;
		};
		E4C874122302EDA200AA4952 /* Frameworks */ = {
			isa = PBXFrameworksBuildPhase;
			buildActionMask = 2147483647;
			files = (
			);
			runOnlyForDeploymentPostprocessing = 0;
		};
		E4C8741D2302EDA200AA4952 /* Frameworks */ = {
			isa = PBXFrameworksBuildPhase;
			buildActionMask = 2147483647;
			files = (
			);
			runOnlyForDeploymentPostprocessing = 0;
		};
/* End PBXFrameworksBuildPhase section */

/* Begin PBXGroup section */
		E4C873F42302EDA000AA4952 = {
			isa = PBXGroup;
			children = (
				E4C873FF2302EDA000AA4952 /* BAOpenGLLearning */,
				E4C874182302EDA200AA4952 /* BAOpenGLLearningTests */,
				E4C874232302EDA200AA4952 /* BAOpenGLLearningUITests */,
				E4C873FE2302EDA000AA4952 /* Products */,
			);
			sourceTree = "<group>";
		};
		E4C873FE2302EDA000AA4952 /* Products */ = {
			isa = PBXGroup;
			children = (
				E4C873FD2302EDA000AA4952 /* BAOpenGLLearning.app */,
				E4C874152302EDA200AA4952 /* BAOpenGLLearningTests.xctest */,
				E4C874202302EDA200AA4952 /* BAOpenGLLearningUITests.xctest */,
			);
			name = Products;
			sourceTree = "<group>";
		};
		E4C873FF2302EDA000AA4952 /* BAOpenGLLearning */ = {
			isa = PBXGroup;
			children = (
				E4C874002302EDA000AA4952 /* AppDelegate.h */,
				E4C874012302EDA000AA4952 /* AppDelegate.m */,
				E4C874032302EDA000AA4952 /* ViewController.h */,
				E4C874042302EDA000AA4952 /* ViewController.m */,
				E4C874322302EE6A00AA4952 /* TestTriangleView.h */,
				E4C874332302EE6A00AA4952 /* TestTriangleView.m */,
				E4C874092302EDA200AA4952 /* Assets.xcassets */,
				E4C8740E2302EDA200AA4952 /* Info.plist */,
				E4C8740F2302EDA200AA4952 /* main.m */,
			);
			path = BAOpenGLLearning;
			sourceTree = "<group>";
		};
		E4C874182302EDA200AA4952 /* BAOpenGLLearningTests */ = {
			isa = PBXGroup;
			children = (
				E4C874192302EDA200AA4952 /* BAOpenGLLearningTests.m */,
				E4C8741B2302EDA200AA4952 /* Info.plist */,
			);
			path = BAOpenGLLearningTests;
			sourceTree = "<group>";
		};
		E4C874232302EDA200AA4952 /* BAOpenGLLearningUITests */ = {
			isa = PBXGroup;
			children = (
				E4C874242302EDA200AA4952 /* BAOpenGLLearningUITests.m */,
				E4C874262302EDA200AA4952 /* Info.plist */,
			);
			path = BAOpenGLLearningUITests;
			sourceTree = "<group>";
		};
/* End PBXGroup section */

/* Begin PBXNativeTarget section */
		E4C873FC2302EDA000AA4952 /* BAOpenGLLearning */ = {
			isa = PBXNativeTarget;
			buildConfigurationList = E4C874292302EDA200AA4952 /* Build configuration list for PBXNativeTarget "BAOpenGLLearning" */;
			buildPhases = (
				E4C873F92302EDA000AA4952 /* Sources */,
				E4C873FA2302EDA000AA4952 /* Frameworks */,
				E4C873FB2302EDA000AA4952 /* Resources */,
			);
			buildRules = (
			);
			dependencies = (
			);
			name = BAOpenGLLearning;
			productName = BAOpenGLLearning;
			productReference = E4C873FD2302EDA000AA4952 /* BAOpenGLLearning.app */;
			productType = "com.apple.product-type.application";
		};
		E4C874142302EDA200AA4952 /* BAOpenGLLearningTests */ = {
			isa = PBXNativeTarget;
			buildConfigurationList = E4C8742C2302EDA200AA4952 /* Build configuration list for PBXNativeTarget "BAOpenGLLearningTests" */;
			buildPhases = (
				E4C874112302EDA200AA4952 /* Sources */,
				E4C874122302EDA200AA4952 /* Frameworks */,
				E4C874132302EDA200AA4952 /* Resources */,
			);
			buildRules = (
			);
			dependencies = (
				E4C874172302EDA200AA4952 /* PBXTargetDependency */,
			);
			name = BAOpenGLLearningTests;
			productName = BAOpenGLLearningTests;
			productReference = E4C874152302EDA200AA4952 /* BAOpenGLLearningTests.xctest */;
			productType = "com.apple.product-type.bundle.unit-test";
		};
		E4C8741F2302EDA200AA4952 /* BAOpenGLLearningUITests */ = {
			isa = PBXNativeTarget;
			buildConfigurationList = E4C8742F2302EDA200AA4952 /* Build configuration list for PBXNativeTarget "BAOpenGLLearningUITests" */;
			buildPhases = (
				E4C8741C2302EDA200AA4952 /* Sources */,
				E4C8741D2302EDA200AA4952 /* Frameworks */,
				E4C8741E2302EDA200AA4952 /* Resources */,
			);
			buildRules = (
			);
			dependencies = (
				E4C874222302EDA200AA4952 /* PBXTargetDependency */,
			);
			name = BAOpenGLLearningUITests;
			productName = BAOpenGLLearningUITests;
			productReference = E4C874202302EDA200AA4952 /* BAOpenGLLearningUITests.xctest */;
			productType = "com.apple.product-type.bundle.ui-testing";
		};
/* End PBXNativeTarget section */

/* Begin PBXProject section */
		E4C873F52302EDA000AA4952 /* Project object */ = {
			isa = PBXProject;
			attributes = {
				LastUpgradeCheck = 1020;
				ORGANIZATIONNAME = BenArvin;
				TargetAttributes = {
					E4C873FC2302EDA000AA4952 = {
						CreatedOnToolsVersion = 10.2.1;
					};
					E4C874142302EDA200AA4952 = {
						CreatedOnToolsVersion = 10.2.1;
						TestTargetID = E4C873FC2302EDA000AA4952;
					};
					E4C8741F2302EDA200AA4952 = {
						CreatedOnToolsVersion = 10.2.1;
						TestTargetID = E4C873FC2302EDA000AA4952;
					};
				};
			};
			buildConfigurationList = E4C873F82302EDA000AA4952 /* Build configuration list for PBXProject "BAOpenGLLearning" */;
			compatibilityVersion = "Xcode 9.3";
			developmentRegion = en;
			hasScannedForEncodings = 0;
			knownRegions = (
				en,
				Base,
			);
			mainGroup = E4C873F42302EDA000AA4952;
			productRefGroup = E4C873FE2302EDA000AA4952 /* Products */;
			projectDirPath = "";
			projectRoot = "";
			targets = (
				E4C873FC2302EDA000AA4952 /* BAOpenGLLearning */,
				E4C874142302EDA200AA4952 /* BAOpenGLLearningTests */,
				E4C8741F2302EDA200AA4952 /* BAOpenGLLearningUITests */,
			);
		};
/* End PBXProject section */

/* Begin PBXResourcesBuildPhase section */
		E4C873FB2302EDA000AA4952 /* Resources */ = {
			isa = PBXResourcesBuildPhase;
			buildActionMask = 2147483647;
			files = (
				E4C8740A2302EDA200AA4952 /* Assets.xcassets in Resources */,
			);
			runOnlyForDeploymentPostprocessing = 0;
		};
		E4C874132302EDA200AA4952 /* Resources */ = {
			isa = PBXResourcesBuildPhase;
			buildActionMask = 2147483647;
			files = (
			);
			runOnlyForDeploymentPostprocessing = 0;
		};
		E4C8741E2302EDA200AA4952 /* Resources */ = {
			isa = PBXResourcesBuildPhase;
			buildActionMask = 2147483647;
			files = (
			);
			runOnlyForDeploymentPostprocessing = 0;
		};
/* End PBXResourcesBuildPhase section */

/* Begin PBXSourcesBuildPhase section */
		E4C873F92302EDA000AA4952 /* Sources */ = {
			isa = PBXSourcesBuildPhase;
			buildActionMask = 2147483647;
			files = (
				E4C874052302EDA000AA4952 /* ViewController.m in Sources */,
				E4C874102302EDA200AA4952 /* main.m in Sources */,
				E4C874342302EE6A00AA4952 /* TestTriangleView.m in Sources */,
				E4C874022302EDA000AA4952 /* AppDelegate.m in Sources */,
			);
			runOnlyForDeploymentPostprocessing = 0;
		};
		E4C874112302EDA200AA4952 /* Sources */ = {
			isa = PBXSourcesBuildPhase;
			buildActionMask = 2147483647;
			files = (
				E4C8741A2302EDA200AA4952 /* BAOpenGLLearningTests.m in Sources */,
			);
			runOnlyForDeploymentPostprocessing = 0;
		};
		E4C8741C2302EDA200AA4952 /* Sources */ = {
			isa = PBXSourcesBuildPhase;
			buildActionMask = 2147483647;
			files = (
				E4C874252302EDA200AA4952 /* BAOpenGLLearningUITests.m in Sources */,
			);
			runOnlyForDeploymentPostprocessing = 0;
		};
/* End PBXSourcesBuildPhase section */

/* Begin PBXTargetDependency section */
		E4C874172302EDA200AA4952 /* PBXTargetDependency */ = {
			isa = PBXTargetDependency;
			target = E4C873FC2302EDA000AA4952 /* BAOpenGLLearning */;
			targetProxy = E4C874162302EDA200AA4952 /* PBXContainerItemProxy */;
		};
		E4C874222302EDA200AA4952 /* PBXTargetDependency */ = {
			isa = PBXTargetDependency;
			target = E4C873FC2302EDA000AA4952 /* BAOpenGLLearning */;
			targetProxy = E4C874212302EDA200AA4952 /* PBXContainerItemProxy */;
		};
/* End PBXTargetDependency section */

/* Begin XCBuildConfiguration section */
		E4C874272302EDA200AA4952 /* Debug */ = {
			isa = XCBuildConfiguration;
			buildSettings = {
				ALWAYS_SEARCH_USER_PATHS = NO;
				CLANG_ANALYZER_NONNULL = YES;
				CLANG_ANALYZER_NUMBER_OBJECT_CONVERSION = YES_AGGRESSIVE;
				CLANG_CXX_LANGUAGE_STANDARD = "gnu++14";
				CLANG_CXX_LIBRARY = "libc++";
				CLANG_ENABLE_MODULES = YES;
				CLANG_ENABLE_OBJC_ARC = YES;
				CLANG_ENABLE_OBJC_WEAK = YES;
				CLANG_WARN_BLOCK_CAPTURE_AUTORELEASING = YES;
				CLANG_WARN_BOOL_CONVERSION = YES;
				CLANG_WARN_COMMA = YES;
				CLANG_WARN_CONSTANT_CONVERSION = YES;
				CLANG_WARN_DEPRECATED_OBJC_IMPLEMENTATIONS = YES;
				CLANG_WARN_DIRECT_OBJC_ISA_USAGE = YES_ERROR;
				CLANG_WARN_DOCUMENTATION_COMMENTS = YES;
				CLANG_WARN_EMPTY_BODY = YES;
				CLANG_WARN_ENUM_CONVERSION = YES;
				CLANG_WARN_INFINITE_RECURSION = YES;
				CLANG_WARN_INT_CONVERSION = YES;
				CLANG_WARN_NON_LITERAL_NULL_CONVERSION = YES;
				CLANG_WARN_OBJC_IMPLICIT_RETAIN_SELF = YES;
				CLANG_WARN_OBJC_LITERAL_CONVERSION = YES;
				CLANG_WARN_OBJC_ROOT_CLASS = YES_ERROR;
				CLANG_WARN_RANGE_LOOP_ANALYSIS = YES;
				CLANG_WARN_STRICT_PROTOTYPES = YES;
				CLANG_WARN_SUSPICIOUS_MOVE = YES;
				CLANG_WARN_UNGUARDED_AVAILABILITY = YES_AGGRESSIVE;
				CLANG_WARN_UNREACHABLE_CODE = YES;
				CLANG_WARN__DUPLICATE_METHOD_MATCH = YES;
				CODE_SIGN_IDENTITY = "iPhone Developer";
				COPY_PHASE_STRIP = NO;
				DEBUG_INFORMATION_FORMAT = dwarf;
				ENABLE_STRICT_OBJC_MSGSEND = YES;
				ENABLE_TESTABILITY = YES;
				GCC_C_LANGUAGE_STANDARD = gnu11;
				GCC_DYNAMIC_NO_PIC = NO;
				GCC_NO_COMMON_BLOCKS = YES;
				GCC_OPTIMIZATION_LEVEL = 0;
				GCC_PREPROCESSOR_DEFINITIONS = (
					"DEBUG=1",
					"$(inherited)",
				);
				GCC_WARN_64_TO_32_BIT_CONVERSION = YES;
				GCC_WARN_ABOUT_RETURN_TYPE = YES_ERROR;
				GCC_WARN_UNDECLARED_SELECTOR = YES;
				GCC_WARN_UNINITIALIZED_AUTOS = YES_AGGRESSIVE;
				GCC_WARN_UNUSED_FUNCTION = YES;
				GCC_WARN_UNUSED_VARIABLE = YES;
				IPHONEOS_DEPLOYMENT_TARGET = 12.2;
				MTL_ENABLE_DEBUG_INFO = INCLUDE_SOURCE;
				MTL_FAST_MATH = YES;
				ONLY_ACTIVE_ARCH = YES;
				SDKROOT = iphoneos;
			};
			name = Debug;
		};
		E4C874282302EDA200AA4952 /* Release */ = {
			isa = XCBuildConfiguration;
			buildSettings = {
				ALWAYS_SEARCH_USER_PATHS = NO;
				CLANG_ANALYZER_NONNULL = YES;
				CLANG_ANALYZER_NUMBER_OBJECT_CONVERSION = YES_AGGRESSIVE;
				CLANG_CXX_LANGUAGE_STANDARD = "gnu++14";
				CLANG_CXX_LIBRARY = "libc++";
				CLANG_ENABLE_MODULES = YES;
				CLANG_ENABLE_OBJC_ARC = YES;
				CLANG_ENABLE_OBJC_WEAK = YES;
				CLANG_WARN_BLOCK_CAPTURE_AUTORELEASING = YES;
				CLANG_WARN_BOOL_CONVERSION = YES;
				CLANG_WARN_COMMA = YES;
				CLANG_WARN_CONSTANT_CONVERSION = YES;
				CLANG_WARN_DEPRECATED_OBJC_IMPLEMENTATIONS = YES;
				CLANG_WARN_DIRECT_OBJC_ISA_USAGE = YES_ERROR;
				CLANG_WARN_DOCUMENTATION_COMMENTS = YES;
				CLANG_WARN_EMPTY_BODY = YES;
				CLANG_WARN_ENUM_CONVERSION = YES;
				CLANG_WARN_INFINITE_RECURSION = YES;
				CLANG_WARN_INT_CONVERSION = YES;
				CLANG_WARN_NON_LITERAL_NULL_CONVERSION = YES;
				CLANG_WARN_OBJC_IMPLICIT_RETAIN_SELF = YES;
				CLANG_WARN_OBJC_LITERAL_CONVERSION = YES;
				CLANG_WARN_OBJC_ROOT_CLASS = YES_ERROR;
				CLANG_WARN_RANGE_LOOP_ANALYSIS = YES;
				CLANG_WARN_STRICT_PROTOTYPES = YES;
				CLANG_WARN_SUSPICIOUS_MOVE = YES;
				CLANG_WARN_UNGUARDED_AVAILABILITY = YES_AGGRESSIVE;
				CLANG_WARN_UNREACHABLE_CODE = YES;
				CLANG_WARN__DUPLICATE_METHOD_MATCH = YES;
				CODE_SIGN_IDENTITY = "iPhone Developer";
				COPY_PHASE_STRIP = NO;
				DEBUG_INFORMATION_FORMAT = "dwarf-with-dsym";
				ENABLE_NS_ASSERTIONS = NO;
				ENABLE_STRICT_OBJC_MSGSEND = YES;
				GCC_C_LANGUAGE_STANDARD = gnu11;
				GCC_NO_COMMON_BLOCKS = YES;
				GCC_WARN_64_TO_32_BIT_CONVERSION = YES;
				GCC_WARN_ABOUT_RETURN_TYPE = YES_ERROR;
				GCC_WARN_UNDECLARED_SELECTOR = YES;
				GCC_WARN_UNINITIALIZED_AUTOS = YES_AGGRESSIVE;
				GCC_WARN_UNUSED_FUNCTION = YES;
				GCC_WARN_UNUSED_VARIABLE = YES;
				IPHONEOS_DEPLOYMENT_TARGET = 12.2;
				MTL_ENABLE_DEBUG_INFO = NO;
				MTL_FAST_MATH = YES;
				SDKROOT = iphoneos;
				VALIDATE_PRODUCT = YES;
			};
			name = Release;
		};
		E4C8742A2302EDA200AA4952 /* Debug */ = {
			isa = XCBuildConfiguration;
			buildSettings = {
				ASSETCATALOG_COMPILER_APPICON_NAME = AppIcon;
				CODE_SIGN_STYLE = Automatic;
				DEVELOPMENT_TEAM = 8T284JCWV7;
				INFOPLIST_FILE = BAOpenGLLearning/Info.plist;
				IPHONEOS_DEPLOYMENT_TARGET = 9.0;
				LD_RUNPATH_SEARCH_PATHS = (
					"$(inherited)",
					"@executable_path/Frameworks",
				);
				PRODUCT_BUNDLE_IDENTIFIER = com.BenArvin.TestApp.BAOpenGLLearning;
				PRODUCT_NAME = "$(TARGET_NAME)";
				TARGETED_DEVICE_FAMILY = "1,2";
			};
			name = Debug;
		};
		E4C8742B2302EDA200AA4952 /* Release */ = {
			isa = XCBuildConfiguration;
			buildSettings = {
				ASSETCATALOG_COMPILER_APPICON_NAME = AppIcon;
				CODE_SIGN_STYLE = Automatic;
				DEVELOPMENT_TEAM = 8T284JCWV7;
				INFOPLIST_FILE = BAOpenGLLearning/Info.plist;
				IPHONEOS_DEPLOYMENT_TARGET = 9.0;
				LD_RUNPATH_SEARCH_PATHS = (
					"$(inherited)",
					"@executable_path/Frameworks",
				);
				PRODUCT_BUNDLE_IDENTIFIER = com.BenArvin.TestApp.BAOpenGLLearning;
				PRODUCT_NAME = "$(TARGET_NAME)";
				TARGETED_DEVICE_FAMILY = "1,2";
			};
			name = Release;
		};
		E4C8742D2302EDA200AA4952 /* Debug */ = {
			isa = XCBuildConfiguration;
			buildSettings = {
				BUNDLE_LOADER = "$(TEST_HOST)";
				CODE_SIGN_STYLE = Automatic;
				DEVELOPMENT_TEAM = 8T284JCWV7;
				INFOPLIST_FILE = BAOpenGLLearningTests/Info.plist;
				LD_RUNPATH_SEARCH_PATHS = (
					"$(inherited)",
					"@executable_path/Frameworks",
					"@loader_path/Frameworks",
				);
				PRODUCT_BUNDLE_IDENTIFIER = com.BenArvin.TestApp.BAOpenGLLearningTests;
				PRODUCT_NAME = "$(TARGET_NAME)";
				TARGETED_DEVICE_FAMILY = "1,2";
				TEST_HOST = "$(BUILT_PRODUCTS_DIR)/BAOpenGLLearning.app/BAOpenGLLearning";
			};
			name = Debug;
		};
		E4C8742E2302EDA200AA4952 /* Release */ = {
			isa = XCBuildConfiguration;
			buildSettings = {
				BUNDLE_LOADER = "$(TEST_HOST)";
				CODE_SIGN_STYLE = Automatic;
				DEVELOPMENT_TEAM = 8T284JCWV7;
				INFOPLIST_FILE = BAOpenGLLearningTests/Info.plist;
				LD_RUNPATH_SEARCH_PATHS = (
					"$(inherited)",
					"@executable_path/Frameworks",
					"@loader_path/Frameworks",
				);
				PRODUCT_BUNDLE_IDENTIFIER = com.BenArvin.TestApp.BAOpenGLLearningTests;
				PRODUCT_NAME = "$(TARGET_NAME)";
				TARGETED_DEVICE_FAMILY = "1,2";
				TEST_HOST = "$(BUILT_PRODUCTS_DIR)/BAOpenGLLearning.app/BAOpenGLLearning";
			};
			name = Release;
		};
		E4C874302302EDA200AA4952 /* Debug */ = {
			isa = XCBuildConfiguration;
			buildSettings = {
				CODE_SIGN_STYLE = Automatic;
				DEVELOPMENT_TEAM = 8T284JCWV7;
				INFOPLIST_FILE = BAOpenGLLearningUITests/Info.plist;
				LD_RUNPATH_SEARCH_PATHS = (
					"$(inherited)",
					"@executable_path/Frameworks",
					"@loader_path/Frameworks",
				);
				PRODUCT_BUNDLE_IDENTIFIER = com.BenArvin.TestApp.BAOpenGLLearningUITests;
				PRODUCT_NAME = "$(TARGET_NAME)";
				TARGETED_DEVICE_FAMILY = "1,2";
				TEST_TARGET_NAME = BAOpenGLLearning;
			};
			name = Debug;
		};
		E4C874312302EDA200AA4952 /* Release */ = {
			isa = XCBuildConfiguration;
			buildSettings = {
				CODE_SIGN_STYLE = Automatic;
				DEVELOPMENT_TEAM = 8T284JCWV7;
				INFOPLIST_FILE = BAOpenGLLearningUITests/Info.plist;
				LD_RUNPATH_SEARCH_PATHS = (
					"$(inherited)",
					"@executable_path/Frameworks",
					"@loader_path/Frameworks",
				);
				PRODUCT_BUNDLE_IDENTIFIER = com.BenArvin.TestApp.BAOpenGLLearningUITests;
				PRODUCT_NAME = "$(TARGET_NAME)";
				TARGETED_DEVICE_FAMILY = "1,2";
				TEST_TARGET_NAME = BAOpenGLLearning;
			};
			name = Release;
		};
/* End XCBuildConfiguration section */

/* Begin XCConfigurationList section */
		E4C873F82302EDA000AA4952 /* Build configuration list for PBXProject "BAOpenGLLearning" */ = {
			isa = XCConfigurationList;
			buildConfigurations = (
				E4C874272302EDA200AA4952 /* Debug */,
				E4C874282302EDA200AA4952 /* Release */,
			);
			defaultConfigurationIsVisible = 0;
			defaultConfigurationName = Release;
		};
		E4C874292302EDA200AA4952 /* Build configuration list for PBXNativeTarget "BAOpenGLLearning" */ = {
			isa = XCConfigurationList;
			buildConfigurations = (
				E4C8742A2302EDA200AA4952 /* Debug */,
				E4C8742B2302EDA200AA4952 /* Release */,
			);
			defaultConfigurationIsVisible = 0;
			defaultConfigurationName = Release;
		};
		E4C8742C2302EDA200AA4952 /* Build configuration list for PBXNativeTarget "BAOpenGLLearningTests" */ = {
			isa = XCConfigurationList;
			buildConfigurations = (
				E4C8742D2302EDA200AA4952 /* Debug */,
				E4C8742E2302EDA200AA4952 /* Release */,
			);
			defaultConfigurationIsVisible = 0;
			defaultConfigurationName = Release;
		};
		E4C8742F2302EDA200AA4952 /* Build configuration list for PBXNativeTarget "BAOpenGLLearningUITests" */ = {
			isa = XCConfigurationList;
			buildConfigurations = (
				E4C874302302EDA200AA4952 /* Debug */,
				E4C874312302EDA200AA4952 /* Release */,
			);
			defaultConfigurationIsVisible = 0;
			defaultConfigurationName = Release;
		};
/* End XCConfigurationList section */
	};
	rootObject = E4C873F52302EDA000AA4952 /* Project object */;
}
